
Microsoft Visual Studio Solution File, Format Version 12.00
# Visual Studio 15
VisualStudioVersion = 15.0.27004.2010
MinimumVisualStudioVersion = 10.0.40219.1
Project("{FAE04EC0-301F-11D3-BF4B-00C04F79EFBC}") = "Finished Checkers", "Finished Checkers\Finished Checkers.csproj", "{53FB483D-1B77-40F8-9757-F7B41A750D22}"
EndProject
Global
	GlobalSection(SolutionConfigurationPlatforms) = preSolution
		Debug|Any CPU = Debug|Any CPU
		Release|Any CPU = Release|Any CPU
	EndGlobalSection
	GlobalSection(ProjectConfigurationPlatforms) = postSolution
		{53FB483D-1B77-40F8-9757-F7B41A750D22}.Debug|Any CPU.ActiveCfg = Debug|Any CPU
		{53FB483D-1B77-40F8-9757-F7B41A750D22}.Debug|Any CPU.Build.0 = Debug|Any CPU
		{53FB483D-1B77-40F8-9757-F7B41A750D22}.Release|Any CPU.ActiveCfg = Release|Any CPU
		{53FB483D-1B77-40F8-9757-F7B41A750D22}.Release|Any CPU.Build.0 = Release|Any CPU
	EndGlobalSection
	GlobalSection(SolutionProperties) = preSolution
		HideSolutionNode = FALSE
	EndGlobalSection
	GlobalSection(ExtensibilityGlobals) = postSolution
		SolutionGuid = {4E014752-9B7B-492B-BDD0-2BBB24CC22E9}
	EndGlobalSection
EndGlobal
